
Microsoft Visual Studio Solution File, Format Version 12.00
# Visual Studio 15
VisualStudioVersion = 15.0.28307.329
MinimumVisualStudioVersion = 10.0.40219.1
Project("{FAE04EC0-301F-11D3-BF4B-00C04F79EFBC}") = "DTaS_APPendix", "DTaS_APPendix\DTaS_APPendix.csproj", "{DAE1605A-1427-4ADB-ACCB-100482B01EE8}"
EndProject
Project("{2150E333-8FDC-42A3-9474-1A3956D46DE8}") = "Solution Items", "Solution Items", "{EC5E2866-DA31-4328-AE29-C76DBCEFC551}"
EndProject
Global
	GlobalSection(SolutionConfigurationPlatforms) = preSolution
		Debug|Any CPU = Debug|Any CPU
		Release|Any CPU = Release|Any CPU
	EndGlobalSection
	GlobalSection(ProjectConfigurationPlatforms) = postSolution
		{DAE1605A-1427-4ADB-ACCB-100482B01EE8}.Debug|Any CPU.ActiveCfg = Debug|Any CPU
		{DAE1605A-1427-4ADB-ACCB-100482B01EE8}.Debug|Any CPU.Build.0 = Debug|Any CPU
		{DAE1605A-1427-4ADB-ACCB-100482B01EE8}.Release|Any CPU.ActiveCfg = Release|Any CPU
		{DAE1605A-1427-4ADB-ACCB-100482B01EE8}.Release|Any CPU.Build.0 = Release|Any CPU
	EndGlobalSection
	GlobalSection(SolutionProperties) = preSolution
		HideSolutionNode = FALSE
	EndGlobalSection
	GlobalSection(ExtensibilityGlobals) = postSolution
		SolutionGuid = {79A2CBBE-1ED2-4D35-9444-5A707CD3D224}
	EndGlobalSection
EndGlobal
